// !$*UTF8*$!
{
	archiveVersion = 1;
	classes = {
	};
	objectVersion = 46;
	objects = {

/* Begin PBXBuildFile section */
		F11A235E18539195001F1EA8 /* Foundation.framework in Frameworks */ = {isa = PBXBuildFile; fileRef = F11A235D18539195001F1EA8 /* Foundation.framework */; };
		F11A236018539195001F1EA8 /* CoreGraphics.framework in Frameworks */ = {isa = PBXBuildFile; fileRef = F11A235F18539195001F1EA8 /* CoreGraphics.framework */; };
		F11A236218539195001F1EA8 /* UIKit.framework in Frameworks */ = {isa = PBXBuildFile; fileRef = F11A236118539195001F1EA8 /* UIKit.framework */; };
		F11A236818539195001F1EA8 /* InfoPlist.strings in Resources */ = {isa = PBXBuildFile; fileRef = F11A236618539195001F1EA8 /* InfoPlist.strings */; };
		F11A236A18539195001F1EA8 /* main.m in Sources */ = {isa = PBXBuildFile; fileRef = F11A236918539195001F1EA8 /* main.m */; };
		F11A236E18539195001F1EA8 /* AppDelegate.m in Sources */ = {isa = PBXBuildFile; fileRef = F11A236D18539195001F1EA8 /* AppDelegate.m */; };
		F11A237118539195001F1EA8 /* Main.storyboard in Resources */ = {isa = PBXBuildFile; fileRef = F11A236F18539195001F1EA8 /* Main.storyboard */; };
		F11A237418539195001F1EA8 /* ViewController.m in Sources */ = {isa = PBXBuildFile; fileRef = F11A237318539195001F1EA8 /* ViewController.m */; };
		F11A237618539195001F1EA8 /* Images.xcassets in Resources */ = {isa = PBXBuildFile; fileRef = F11A237518539195001F1EA8 /* Images.xcassets */; };
		F11A237D18539195001F1EA8 /* XCTest.framework in Frameworks */ = {isa = PBXBuildFile; fileRef = F11A237C18539195001F1EA8 /* XCTest.framework */; };
		F11A237E18539195001F1EA8 /* Foundation.framework in Frameworks */ = {isa = PBXBuildFile; fileRef = F11A235D18539195001F1EA8 /* Foundation.framework */; };
		F11A237F18539195001F1EA8 /* UIKit.framework in Frameworks */ = {isa = PBXBuildFile; fileRef = F11A236118539195001F1EA8 /* UIKit.framework */; };
		F11A238718539195001F1EA8 /* InfoPlist.strings in Resources */ = {isa = PBXBuildFile; fileRef = F11A238518539195001F1EA8 /* InfoPlist.strings */; };
		F11A238918539195001F1EA8 /* StoryBoardEXTests.m in Sources */ = {isa = PBXBuildFile; fileRef = F11A238818539195001F1EA8 /* StoryBoardEXTests.m */; };
		F11CDE83185435E000BEEDBA /* Scene2ViewController.m in Sources */ = {isa = PBXBuildFile; fileRef = F11CDE82185435E000BEEDBA /* Scene2ViewController.m */; };
/* End PBXBuildFile section */

/* Begin PBXContainerItemProxy section */
		F11A238018539195001F1EA8 /* PBXContainerItemProxy */ = {
			isa = PBXContainerItemProxy;
			containerPortal = F11A235218539195001F1EA8 /* Project object */;
			proxyType = 1;
			remoteGlobalIDString = F11A235918539195001F1EA8;
			remoteInfo = StoryBoardEX;
		};
/* End PBXContainerItemProxy section */

/* Begin PBXFileReference section */
		F11A235A18539195001F1EA8 /* StoryBoardEX.app */ = {isa = PBXFileReference; explicitFileType = wrapper.application; includeInIndex = 0; path = StoryBoardEX.app; sourceTree = BUILT_PRODUCTS_DIR; };
		F11A235D18539195001F1EA8 /* Foundation.framework */ = {isa = PBXFileReference; lastKnownFileType = wrapper.framework; name = Foundation.framework; path = System/Library/Frameworks/Foundation.framework; sourceTree = SDKROOT; };
		F11A235F18539195001F1EA8 /* CoreGraphics.framework */ = {isa = PBXFileReference; lastKnownFileType = wrapper.framework; name = CoreGraphics.framework; path = System/Library/Frameworks/CoreGraphics.framework; sourceTree = SDKROOT; };
		F11A236118539195001F1EA8 /* UIKit.framework */ = {isa = PBXFileReference; lastKnownFileType = wrapper.framework; name = UIKit.framework; path = System/Library/Frameworks/UIKit.framework; sourceTree = SDKROOT; };
		F11A236518539195001F1EA8 /* StoryBoardEX-Info.plist */ = {isa = PBXFileReference; lastKnownFileType = text.plist.xml; path = "StoryBoardEX-Info.plist"; sourceTree = "<group>"; };
		F11A236718539195001F1EA8 /* en */ = {isa = PBXFileReference; lastKnownFileType = text.plist.strings; name = en; path = en.lproj/InfoPlist.strings; sourceTree = "<group>"; };
		F11A236918539195001F1EA8 /* main.m */ = {isa = PBXFileReference; lastKnownFileType = sourcecode.c.objc; path = main.m; sourceTree = "<group>"; };
		F11A236B18539195001F1EA8 /* StoryBoardEX-Prefix.pch */ = {isa = PBXFileReference; lastKnownFileType = sourcecode.c.h; path = "StoryBoardEX-Prefix.pch"; sourceTree = "<group>"; };
		F11A236C18539195001F1EA8 /* AppDelegate.h */ = {isa = PBXFileReference; lastKnownFileType = sourcecode.c.h; path = AppDelegate.h; sourceTree = "<group>"; };
		F11A236D18539195001F1EA8 /* AppDelegate.m */ = {isa = PBXFileReference; lastKnownFileType = sourcecode.c.objc; path = AppDelegate.m; sourceTree = "<group>"; };
		F11A237018539195001F1EA8 /* Base */ = {isa = PBXFileReference; lastKnownFileType = file.storyboard; name = Base; path = Base.lproj/Main.storyboard; sourceTree = "<group>"; };
		F11A237218539195001F1EA8 /* ViewController.h */ = {isa = PBXFileReference; lastKnownFileType = sourcecode.c.h; path = ViewController.h; sourceTree = "<group>"; };
		F11A237318539195001F1EA8 /* ViewController.m */ = {isa = PBXFileReference; lastKnownFileType = sourcecode.c.objc; path = ViewController.m; sourceTree = "<group>"; };
		F11A237518539195001F1EA8 /* Images.xcassets */ = {isa = PBXFileReference; lastKnownFileType = folder.assetcatalog; path = Images.xcassets; sourceTree = "<group>"; };
		F11A237B18539195001F1EA8 /* StoryBoardEXTests.xctest */ = {isa = PBXFileReference; explicitFileType = wrapper.cfbundle; includeInIndex = 0; path = StoryBoardEXTests.xctest; sourceTree = BUILT_PRODUCTS_DIR; };
		F11A237C18539195001F1EA8 /* XCTest.framework */ = {isa = PBXFileReference; lastKnownFileType = wrapper.framework; name = XCTest.framework; path = Library/Frameworks/XCTest.framework; sourceTree = DEVELOPER_DIR; };
		F11A238418539195001F1EA8 /* StoryBoardEXTests-Info.plist */ = {isa = PBXFileReference; lastKnownFileType = text.plist.xml; path = "StoryBoardEXTests-Info.plist"; sourceTree = "<group>"; };
		F11A238618539195001F1EA8 /* en */ = {isa = PBXFileReference; lastKnownFileType = text.plist.strings; name = en; path = en.lproj/InfoPlist.strings; sourceTree = "<group>"; };
		F11A238818539195001F1EA8 /* StoryBoardEXTests.m */ = {isa = PBXFileReference; lastKnownFileType = sourcecode.c.objc; path = StoryBoardEXTests.m; sourceTree = "<group>"; };
		F11CDE81185435E000BEEDBA /* Scene2ViewController.h */ = {isa = PBXFileReference; fileEncoding = 4; lastKnownFileType = sourcecode.c.h; path = Scene2ViewController.h; sourceTree = "<group>"; };
		F11CDE82185435E000BEEDBA /* Scene2ViewController.m */ = {isa = PBXFileReference; fileEncoding = 4; lastKnownFileType = sourcecode.c.objc; path = Scene2ViewController.m; sourceTree = "<group>"; };
/* End PBXFileReference section */

/* Begin PBXFrameworksBuildPhase section */
		F11A235718539195001F1EA8 /* Frameworks */ = {
			isa = PBXFrameworksBuildPhase;
			buildActionMask = 2147483647;
			files = (
				F11A236018539195001F1EA8 /* CoreGraphics.framework in Frameworks */,
				F11A236218539195001F1EA8 /* UIKit.framework in Frameworks */,
				F11A235E18539195001F1EA8 /* Foundation.framework in Frameworks */,
			);
			runOnlyForDeploymentPostprocessing = 0;
		};
		F11A237818539195001F1EA8 /* Frameworks */ = {
			isa = PBXFrameworksBuildPhase;
			buildActionMask = 2147483647;
			files = (
				F11A237D18539195001F1EA8 /* XCTest.framework in Frameworks */,
				F11A237F18539195001F1EA8 /* UIKit.framework in Frameworks */,
				F11A237E18539195001F1EA8 /* Foundation.framework in Frameworks */,
			);
			runOnlyForDeploymentPostprocessing = 0;
		};
/* End PBXFrameworksBuildPhase section */

/* Begin PBXGroup section */
		F11A235118539195001F1EA8 = {
			isa = PBXGroup;
			children = (
				F11A236318539195001F1EA8 /* StoryBoardEX */,
				F11A238218539195001F1EA8 /* StoryBoardEXTests */,
				F11A235C18539195001F1EA8 /* Frameworks */,
				F11A235B18539195001F1EA8 /* Products */,
			);
			sourceTree = "<group>";
		};
		F11A235B18539195001F1EA8 /* Products */ = {
			isa = PBXGroup;
			children = (
				F11A235A18539195001F1EA8 /* StoryBoardEX.app */,
				F11A237B18539195001F1EA8 /* StoryBoardEXTests.xctest */,
			);
			name = Products;
			sourceTree = "<group>";
		};
		F11A235C18539195001F1EA8 /* Frameworks */ = {
			isa = PBXGroup;
			children = (
				F11A235D18539195001F1EA8 /* Foundation.framework */,
				F11A235F18539195001F1EA8 /* CoreGraphics.framework */,
				F11A236118539195001F1EA8 /* UIKit.framework */,
				F11A237C18539195001F1EA8 /* XCTest.framework */,
			);
			name = Frameworks;
			sourceTree = "<group>";
		};
		F11A236318539195001F1EA8 /* StoryBoardEX */ = {
			isa = PBXGroup;
			children = (
				F11A236C18539195001F1EA8 /* AppDelegate.h */,
				F11A236D18539195001F1EA8 /* AppDelegate.m */,
				F11A236F18539195001F1EA8 /* Main.storyboard */,
				F11A237218539195001F1EA8 /* ViewController.h */,
				F11A237318539195001F1EA8 /* ViewController.m */,
				F11A237518539195001F1EA8 /* Images.xcassets */,
				F11A236418539195001F1EA8 /* Supporting Files */,
				F11CDE81185435E000BEEDBA /* Scene2ViewController.h */,
				F11CDE82185435E000BEEDBA /* Scene2ViewController.m */,
			);
			path = StoryBoardEX;
			sourceTree = "<group>";
		};
		F11A236418539195001F1EA8 /* Supporting Files */ = {
			isa = PBXGroup;
			children = (
				F11A236518539195001F1EA8 /* StoryBoardEX-Info.plist */,
				F11A236618539195001F1EA8 /* InfoPlist.strings */,
				F11A236918539195001F1EA8 /* main.m */,
				F11A236B18539195001F1EA8 /* StoryBoardEX-Prefix.pch */,
			);
			name = "Supporting Files";
			sourceTree = "<group>";
		};
		F11A238218539195001F1EA8 /* StoryBoardEXTests */ = {
			isa = PBXGroup;
			children = (
				F11A238818539195001F1EA8 /* StoryBoardEXTests.m */,
				F11A238318539195001F1EA8 /* Supporting Files */,
			);
			path = StoryBoardEXTests;
			sourceTree = "<group>";
		};
		F11A238318539195001F1EA8 /* Supporting Files */ = {
			isa = PBXGroup;
			children = (
				F11A238418539195001F1EA8 /* StoryBoardEXTests-Info.plist */,
				F11A238518539195001F1EA8 /* InfoPlist.strings */,
			);
			name = "Supporting Files";
			sourceTree = "<group>";
		};
/* End PBXGroup section */

/* Begin PBXNativeTarget section */
		F11A235918539195001F1EA8 /* StoryBoardEX */ = {
			isa = PBXNativeTarget;
			buildConfigurationList = F11A238C18539195001F1EA8 /* Build configuration list for PBXNativeTarget "StoryBoardEX" */;
			buildPhases = (
				F11A235618539195001F1EA8 /* Sources */,
				F11A235718539195001F1EA8 /* Frameworks */,
				F11A235818539195001F1EA8 /* Resources */,
			);
			buildRules = (
			);
			dependencies = (
			);
			name = StoryBoardEX;
			productName = StoryBoardEX;
			productReference = F11A235A18539195001F1EA8 /* StoryBoardEX.app */;
			productType = "com.apple.product-type.application";
		};
		F11A237A18539195001F1EA8 /* StoryBoardEXTests */ = {
			isa = PBXNativeTarget;
			buildConfigurationList = F11A238F18539195001F1EA8 /* Build configuration list for PBXNativeTarget "StoryBoardEXTests" */;
			buildPhases = (
				F11A237718539195001F1EA8 /* Sources */,
				F11A237818539195001F1EA8 /* Frameworks */,
				F11A237918539195001F1EA8 /* Resources */,
			);
			buildRules = (
			);
			dependencies = (
				F11A238118539195001F1EA8 /* PBXTargetDependency */,
			);
			name = StoryBoardEXTests;
			productName = StoryBoardEXTests;
			productReference = F11A237B18539195001F1EA8 /* StoryBoardEXTests.xctest */;
			productType = "com.apple.product-type.bundle.unit-test";
		};
/* End PBXNativeTarget section */

/* Begin PBXProject section */
		F11A235218539195001F1EA8 /* Project object */ = {
			isa = PBXProject;
			attributes = {
				LastUpgradeCheck = 0500;
				ORGANIZATIONNAME = "홍승표";
				TargetAttributes = {
					F11A237A18539195001F1EA8 = {
						TestTargetID = F11A235918539195001F1EA8;
					};
				};
			};
			buildConfigurationList = F11A235518539195001F1EA8 /* Build configuration list for PBXProject "StoryBoardEX" */;
			compatibilityVersion = "Xcode 3.2";
			developmentRegion = English;
			hasScannedForEncodings = 0;
			knownRegions = (
				en,
				Base,
			);
			mainGroup = F11A235118539195001F1EA8;
			productRefGroup = F11A235B18539195001F1EA8 /* Products */;
			projectDirPath = "";
			projectRoot = "";
			targets = (
				F11A235918539195001F1EA8 /* StoryBoardEX */,
				F11A237A18539195001F1EA8 /* StoryBoardEXTests */,
			);
		};
/* End PBXProject section */

/* Begin PBXResourcesBuildPhase section */
		F11A235818539195001F1EA8 /* Resources */ = {
			isa = PBXResourcesBuildPhase;
			buildActionMask = 2147483647;
			files = (
				F11A237618539195001F1EA8 /* Images.xcassets in Resources */,
				F11A236818539195001F1EA8 /* InfoPlist.strings in Resources */,
				F11A237118539195001F1EA8 /* Main.storyboard in Resources */,
			);
			runOnlyForDeploymentPostprocessing = 0;
		};
		F11A237918539195001F1EA8 /* Resources */ = {
			isa = PBXResourcesBuildPhase;
			buildActionMask = 2147483647;
			files = (
				F11A238718539195001F1EA8 /* InfoPlist.strings in Resources */,
			);
			runOnlyForDeploymentPostprocessing = 0;
		};
/* End PBXResourcesBuildPhase section */

/* Begin PBXSourcesBuildPhase section */
		F11A235618539195001F1EA8 /* Sources */ = {
			isa = PBXSourcesBuildPhase;
			buildActionMask = 2147483647;
			files = (
				F11CDE83185435E000BEEDBA /* Scene2ViewController.m in Sources */,
				F11A237418539195001F1EA8 /* ViewController.m in Sources */,
				F11A236E18539195001F1EA8 /* AppDelegate.m in Sources */,
				F11A236A18539195001F1EA8 /* main.m in Sources */,
			);
			runOnlyForDeploymentPostprocessing = 0;
		};
		F11A237718539195001F1EA8 /* Sources */ = {
			isa = PBXSourcesBuildPhase;
			buildActionMask = 2147483647;
			files = (
				F11A238918539195001F1EA8 /* StoryBoardEXTests.m in Sources */,
			);
			runOnlyForDeploymentPostprocessing = 0;
		};
/* End PBXSourcesBuildPhase section */

/* Begin PBXTargetDependency section */
		F11A238118539195001F1EA8 /* PBXTargetDependency */ = {
			isa = PBXTargetDependency;
			target = F11A235918539195001F1EA8 /* StoryBoardEX */;
			targetProxy = F11A238018539195001F1EA8 /* PBXContainerItemProxy */;
		};
/* End PBXTargetDependency section */

/* Begin PBXVariantGroup section */
		F11A236618539195001F1EA8 /* InfoPlist.strings */ = {
			isa = PBXVariantGroup;
			children = (
				F11A236718539195001F1EA8 /* en */,
			);
			name = InfoPlist.strings;
			sourceTree = "<group>";
		};
		F11A236F18539195001F1EA8 /* Main.storyboard */ = {
			isa = PBXVariantGroup;
			children = (
				F11A237018539195001F1EA8 /* Base */,
			);
			name = Main.storyboard;
			sourceTree = "<group>";
		};
		F11A238518539195001F1EA8 /* InfoPlist.strings */ = {
			isa = PBXVariantGroup;
			children = (
				F11A238618539195001F1EA8 /* en */,
			);
			name = InfoPlist.strings;
			sourceTree = "<group>";
		};
/* End PBXVariantGroup section */

/* Begin XCBuildConfiguration section */
		F11A238A18539195001F1EA8 /* Debug */ = {
			isa = XCBuildConfiguration;
			buildSettings = {
				ALWAYS_SEARCH_USER_PATHS = NO;
				ARCHS = "$(ARCHS_STANDARD_INCLUDING_64_BIT)";
				CLANG_CXX_LANGUAGE_STANDARD = "gnu++0x";
				CLANG_CXX_LIBRARY = "libc++";
				CLANG_ENABLE_MODULES = YES;
				CLANG_ENABLE_OBJC_ARC = YES;
				CLANG_WARN_BOOL_CONVERSION = YES;
				CLANG_WARN_CONSTANT_CONVERSION = YES;
				CLANG_WARN_DIRECT_OBJC_ISA_USAGE = YES_ERROR;
				CLANG_WARN_EMPTY_BODY = YES;
				CLANG_WARN_ENUM_CONVERSION = YES;
				CLANG_WARN_INT_CONVERSION = YES;
				CLANG_WARN_OBJC_ROOT_CLASS = YES_ERROR;
				CLANG_WARN__DUPLICATE_METHOD_MATCH = YES;
				"CODE_SIGN_IDENTITY[sdk=iphoneos*]" = "iPhone Developer";
				COPY_PHASE_STRIP = NO;
				GCC_C_LANGUAGE_STANDARD = gnu99;
				GCC_DYNAMIC_NO_PIC = NO;
				GCC_OPTIMIZATION_LEVEL = 0;
				GCC_PREPROCESSOR_DEFINITIONS = (
					"DEBUG=1",
					"$(inherited)",
				);
				GCC_SYMBOLS_PRIVATE_EXTERN = NO;
				GCC_WARN_64_TO_32_BIT_CONVERSION = YES;
				GCC_WARN_ABOUT_RETURN_TYPE = YES_ERROR;
				GCC_WARN_UNDECLARED_SELECTOR = YES;
				GCC_WARN_UNINITIALIZED_AUTOS = YES;
				GCC_WARN_UNUSED_FUNCTION = YES;
				GCC_WARN_UNUSED_VARIABLE = YES;
				IPHONEOS_DEPLOYMENT_TARGET = 7.0;
				ONLY_ACTIVE_ARCH = YES;
				SDKROOT = iphoneos;
			};
			name = Debug;
		};
		F11A238B18539195001F1EA8 /* Release */ = {
			isa = XCBuildConfiguration;
			buildSettings = {
				ALWAYS_SEARCH_USER_PATHS = NO;
				ARCHS = "$(ARCHS_STANDARD_INCLUDING_64_BIT)";
				CLANG_CXX_LANGUAGE_STANDARD = "gnu++0x";
				CLANG_CXX_LIBRARY = "libc++";
				CLANG_ENABLE_MODULES = YES;
				CLANG_ENABLE_OBJC_ARC = YES;
				CLANG_WARN_BOOL_CONVERSION = YES;
				CLANG_WARN_CONSTANT_CONVERSION = YES;
				CLANG_WARN_DIRECT_OBJC_ISA_USAGE = YES_ERROR;
				CLANG_WARN_EMPTY_BODY = YES;
				CLANG_WARN_ENUM_CONVERSION = YES;
				CLANG_WARN_INT_CONVERSION = YES;
				CLANG_WARN_OBJC_ROOT_CLASS = YES_ERROR;
				CLANG_WARN__DUPLICATE_METHOD_MATCH = YES;
				"CODE_SIGN_IDENTITY[sdk=iphoneos*]" = "iPhone Developer";
				COPY_PHASE_STRIP = YES;
				ENABLE_NS_ASSERTIONS = NO;
				GCC_C_LANGUAGE_STANDARD = gnu99;
				GCC_WARN_64_TO_32_BIT_CONVERSION = YES;
				GCC_WARN_ABOUT_RETURN_TYPE = YES_ERROR;
				GCC_WARN_UNDECLARED_SELECTOR = YES;
				GCC_WARN_UNINITIALIZED_AUTOS = YES;
				GCC_WARN_UNUSED_FUNCTION = YES;
				GCC_WARN_UNUSED_VARIABLE = YES;
				IPHONEOS_DEPLOYMENT_TARGET = 7.0;
				SDKROOT = iphoneos;
				VALIDATE_PRODUCT = YES;
			};
			name = Release;
		};
		F11A238D18539195001F1EA8 /* Debug */ = {
			isa = XCBuildConfiguration;
			buildSettings = {
				ASSETCATALOG_COMPILER_APPICON_NAME = AppIcon;
				ASSETCATALOG_COMPILER_LAUNCHIMAGE_NAME = LaunchImage;
				GCC_PRECOMPILE_PREFIX_HEADER = YES;
				GCC_PREFIX_HEADER = "StoryBoardEX/StoryBoardEX-Prefix.pch";
				INFOPLIST_FILE = "StoryBoardEX/StoryBoardEX-Info.plist";
				PRODUCT_NAME = "$(TARGET_NAME)";
				WRAPPER_EXTENSION = app;
			};
			name = Debug;
		};
		F11A238E18539195001F1EA8 /* Release */ = {
			isa = XCBuildConfiguration;
			buildSettings = {
				ASSETCATALOG_COMPILER_APPICON_NAME = AppIcon;
				ASSETCATALOG_COMPILER_LAUNCHIMAGE_NAME = LaunchImage;
				GCC_PRECOMPILE_PREFIX_HEADER = YES;
				GCC_PREFIX_HEADER = "StoryBoardEX/StoryBoardEX-Prefix.pch";
				INFOPLIST_FILE = "StoryBoardEX/StoryBoardEX-Info.plist";
				PRODUCT_NAME = "$(TARGET_NAME)";
				WRAPPER_EXTENSION = app;
			};
			name = Release;
		};
		F11A239018539195001F1EA8 /* Debug */ = {
			isa = XCBuildConfiguration;
			buildSettings = {
				ARCHS = "$(ARCHS_STANDARD_INCLUDING_64_BIT)";
				BUNDLE_LOADER = "$(BUILT_PRODUCTS_DIR)/StoryBoardEX.app/StoryBoardEX";
				FRAMEWORK_SEARCH_PATHS = (
					"$(SDKROOT)/Developer/Library/Frameworks",
					"$(inherited)",
					"$(DEVELOPER_FRAMEWORKS_DIR)",
				);
				GCC_PRECOMPILE_PREFIX_HEADER = YES;
				GCC_PREFIX_HEADER = "StoryBoardEX/StoryBoardEX-Prefix.pch";
				GCC_PREPROCESSOR_DEFINITIONS = (
					"DEBUG=1",
					"$(inherited)",
				);
				INFOPLIST_FILE = "StoryBoardEXTests/StoryBoardEXTests-Info.plist";
				PRODUCT_NAME = "$(TARGET_NAME)";
				TEST_HOST = "$(BUNDLE_LOADER)";
				WRAPPER_EXTENSION = xctest;
			};
			name = Debug;
		};
		F11A239118539195001F1EA8 /* Release */ = {
			isa = XCBuildConfiguration;
			buildSettings = {
				ARCHS = "$(ARCHS_STANDARD_INCLUDING_64_BIT)";
				BUNDLE_LOADER = "$(BUILT_PRODUCTS_DIR)/StoryBoardEX.app/StoryBoardEX";
				FRAMEWORK_SEARCH_PATHS = (
					"$(SDKROOT)/Developer/Library/Frameworks",
					"$(inherited)",
					"$(DEVELOPER_FRAMEWORKS_DIR)",
				);
				GCC_PRECOMPILE_PREFIX_HEADER = YES;
				GCC_PREFIX_HEADER = "StoryBoardEX/StoryBoardEX-Prefix.pch";
				INFOPLIST_FILE = "StoryBoardEXTests/StoryBoardEXTests-Info.plist";
				PRODUCT_NAME = "$(TARGET_NAME)";
				TEST_HOST = "$(BUNDLE_LOADER)";
				WRAPPER_EXTENSION = xctest;
			};
			name = Release;
		};
/* End XCBuildConfiguration section */

/* Begin XCConfigurationList section */
		F11A235518539195001F1EA8 /* Build configuration list for PBXProject "StoryBoardEX" */ = {
			isa = XCConfigurationList;
			buildConfigurations = (
				F11A238A18539195001F1EA8 /* Debug */,
				F11A238B18539195001F1EA8 /* Release */,
			);
			defaultConfigurationIsVisible = 0;
			defaultConfigurationName = Release;
		};
		F11A238C18539195001F1EA8 /* Build configuration list for PBXNativeTarget "StoryBoardEX" */ = {
			isa = XCConfigurationList;
			buildConfigurations = (
				F11A238D18539195001F1EA8 /* Debug */,
				F11A238E18539195001F1EA8 /* Release */,
			);
			defaultConfigurationIsVisible = 0;
			defaultConfigurationName = Release;
		};
		F11A238F18539195001F1EA8 /* Build configuration list for PBXNativeTarget "StoryBoardEXTests" */ = {
			isa = XCConfigurationList;
			buildConfigurations = (
				F11A239018539195001F1EA8 /* Debug */,
				F11A239118539195001F1EA8 /* Release */,
			);
			defaultConfigurationIsVisible = 0;
			defaultConfigurationName = Release;
		};
/* End XCConfigurationList section */
	};
	rootObject = F11A235218539195001F1EA8 /* Project object */;
}
